
Microsoft Visual Studio Solution File, Format Version 12.00
# Visual Studio Version 16
VisualStudioVersion = 16.0.31019.35
MinimumVisualStudioVersion = 10.0.40219.1
Project("{9A19103F-16F7-4668-BE54-9A1E7A4F7556}") = "IToolAPI", "IToolAPI\IToolAPI.csproj", "{273AD9B1-D413-40E3-AA30-EBAEB9514F8E}"
EndProject
Project("{FAE04EC0-301F-11D3-BF4B-00C04F79EFBC}") = "IToolAPI.Test", "IToolAPI.Test\IToolAPI.Test.csproj", "{5BA0D539-76F5-49BB-9957-F1AE523A265C}"
EndProject
Global
	GlobalSection(SolutionConfigurationPlatforms) = preSolution
		Debug|Any CPU = Debug|Any CPU
		Release|Any CPU = Release|Any CPU
	EndGlobalSection
	GlobalSection(ProjectConfigurationPlatforms) = postSolution
		{273AD9B1-D413-40E3-AA30-EBAEB9514F8E}.Debug|Any CPU.ActiveCfg = Debug|Any CPU
		{273AD9B1-D413-40E3-AA30-EBAEB9514F8E}.Debug|Any CPU.Build.0 = Debug|Any CPU
		{273AD9B1-D413-40E3-AA30-EBAEB9514F8E}.Release|Any CPU.ActiveCfg = Release|Any CPU
		{273AD9B1-D413-40E3-AA30-EBAEB9514F8E}.Release|Any CPU.Build.0 = Release|Any CPU
		{5BA0D539-76F5-49BB-9957-F1AE523A265C}.Debug|Any CPU.ActiveCfg = Debug|Any CPU
		{5BA0D539-76F5-49BB-9957-F1AE523A265C}.Debug|Any CPU.Build.0 = Debug|Any CPU
		{5BA0D539-76F5-49BB-9957-F1AE523A265C}.Release|Any CPU.ActiveCfg = Release|Any CPU
		{5BA0D539-76F5-49BB-9957-F1AE523A265C}.Release|Any CPU.Build.0 = Release|Any CPU
	EndGlobalSection
	GlobalSection(SolutionProperties) = preSolution
		HideSolutionNode = FALSE
	EndGlobalSection
	GlobalSection(ExtensibilityGlobals) = postSolution
		SolutionGuid = {C3325D64-8933-44BB-9AB2-F8A578D7A67B}
	EndGlobalSection
EndGlobal
